<?xml version="1.0" encoding="utf-8"?>
<Project ToolsVersion="15.0" xmlns="http://schemas.microsoft.com/developer/msbuild/2003">
  <ItemGroup>
    <Filter Include="Resource Files">
      <UniqueIdentifier>{67DA6AB6-F800-4c08-8B7A-83BB121AAD01}</UniqueIdentifier>
      <Extensions>rc;ico;cur;bmp;dlg;rc2;rct;bin;rgs;gif;jpg;jpeg;jpe;resx;tga;tiff;tif;png;wav;mfcribbon-ms</Extensions>
    </Filter>
    <Filter Include="Inc">
      <UniqueIdentifier>{83570a1b-686d-481e-bd00-578b4d3edd39}</UniqueIdentifier>
    </Filter>
  </ItemGroup>
  <ItemGroup>
    <ClCompile Include="dllmain.cpp" />
    <ClCompile Include="pch.cpp" />
    <ClCompile Include="Trace.cpp" />
    <ClCompile Include="MftAnalyzer.cpp" />
    <ClCompile Include="BaseVisualizer.cpp" />
    <ClCompile Include="VisualizerDrawEventArgs.cpp" />
    <ClCompile Include="VisualizationSource.cpp" />
    <ClCompile Include="VisualizationDataFrame.cpp" />
    <ClCompile Include="LifespanTracker.cpp" />
    <ClCompile Include="ScalarData.cpp" />
    <ClCompile Include="ArrayData.cpp" />
    <ClCompile Include="CustomVisualizer.cpp" />
    <ClCompile Include="DiscreteVUBar.cpp" />
    <ClCompile Include="AudioAnalyzer.cpp" />
  </ItemGroup>
  <ItemGroup>
    <ClInclude Include="pch.h" />
    <ClInclude Include="targetver.h" />
    <ClInclude Include="trace.h" />
    <ClInclude Include="AsyncOperation.h" />
    <ClInclude Include="ErrorHandling.h" />
    <ClInclude Include="WinStringWrapper.h" />
    <ClInclude Include="WinStringBuilder.h" />
    <ClInclude Include="Nullable.h" />
    <ClInclude Include="MftAnalyzer.h" />
    <ClInclude Include="BaseVisualizer.h" />
    <ClInclude Include="Utilities.h" />
    <ClInclude Include="resource.h" />
    <ClInclude Include="Canvas.abi.h" />
    <ClInclude Include="VisualizerDrawEventArgs.h" />
    <ClInclude Include="VisualizationSource.h" />
    <ClInclude Include="VisualizationDataFrame.h" />
    <ClInclude Include="LifespanTracker_w2d.h" />
    <ClInclude Include="LifeSpanTracker.h" />
    <ClInclude Include="ScalarData.h" />
    <ClInclude Include="ArrayData.h" />
    <ClInclude Include="CustomVisualizer.h" />
    <ClInclude Include="DiscreteVUBar.h" />
    <ClInclude Include="AudioAnalyzer.h" />
  </ItemGroup>
  <ItemGroup>
    <None Include="AudioVisualizer.def" />
    <None Include="AudioVizualiser.wprp" />
    <None Include="packages.config" />
  </ItemGroup>
  <ItemGroup>
    <ResourceCompile Include="Resource.rc">
      <Filter>Resource Files</Filter>
    </ResourceCompile>
  </ItemGroup>
  <ItemGroup>
    <Midl Include="AudioVisualizer.idl" />
  </ItemGroup>
</Project>