
Microsoft Visual Studio Solution File, Format Version 12.00
# Visual Studio 15
VisualStudioVersion = 15.0.27004.2010
MinimumVisualStudioVersion = 10.0.40219.1
Project("{2150E333-8FDC-42A3-9474-1A3956D46DE8}") = "source", "source", "{B5663715-9AAB-4DD6-BEED-0E51B2029AEC}"
EndProject
Project("{2150E333-8FDC-42A3-9474-1A3956D46DE8}") = "samples", "samples", "{111A7E4A-BDB2-46CF-9D56-D93D2242FCB6}"
EndProject
Project("{FAE04EC0-301F-11D3-BF4B-00C04F79EFBC}") = "VisualizationPlayer", "samples\VisualizationPlayer\VisualizationPlayer.csproj", "{105FCC78-533D-4C38-A302-BB8D63AA1E5F}"
EndProject
Project("{2150E333-8FDC-42A3-9474-1A3956D46DE8}") = "Build", "Build", "{648791B2-F68B-4588-B1C5-80E2DBD9699E}"
	ProjectSection(SolutionItems) = preProject
		appveyorbuild.bat = appveyorbuild.bat
		AudioAnalyzer.nuspec = AudioAnalyzer.nuspec
		buildbinandnuget.bat = buildbinandnuget.bat
	EndProjectSection
EndProject
Project("{2150E333-8FDC-42A3-9474-1A3956D46DE8}") = "wiki", "wiki", "{91B50F5A-DEBB-4578-A2BF-28AF1BDF7A1C}"
	ProjectSection(SolutionItems) = preProject
		wiki\ArrayData.md = wiki\ArrayData.md
		AudioVisualizer.md = AudioVisualizer.md
		wiki\CustomVisualizer.md = wiki\CustomVisualizer.md
		wiki\DiscreteVUBar.md = wiki\DiscreteVUBar.md
		wiki\PlaybackSource.md = wiki\PlaybackSource.md
		wiki\ScalarData.md = wiki\ScalarData.md
		wiki\Spectrum.md = wiki\Spectrum.md
		wiki\SpectrumData.md = wiki\SpectrumData.md
		wiki\SpectrumVisualizer.md = wiki\SpectrumVisualizer.md
		wiki\Template.md = wiki\Template.md
		wiki\VisualizationDataFrame.md = wiki\VisualizationDataFrame.md
		wiki\VisualizationSource.md = wiki\VisualizationSource.md
		wiki\VisualizerDrawEventArgs.md = wiki\VisualizerDrawEventArgs.md
	EndProjectSection
EndProject
Project("{8BC9CEB8-8B4A-11D0-8D11-00A0C91BC942}") = "AudioVisualizer", "AudioVisualizer\AudioVisualizer.vcxproj", "{DA1A2266-1149-4A19-8A3A-3F1CA7717A6F}"
EndProject
Project("{FAE04EC0-301F-11D3-BF4B-00C04F79EFBC}") = "AudioVisualizer.test", "AudioVisualizer.test\AudioVisualizer.test.csproj", "{74DD3AA5-013A-4648-B169-D4B84E5B6E92}"
EndProject
Global
	GlobalSection(SolutionConfigurationPlatforms) = preSolution
		CIBUILD|ARM = CIBUILD|ARM
		CIBUILD|x64 = CIBUILD|x64
		CIBUILD|x86 = CIBUILD|x86
		Debug|ARM = Debug|ARM
		Debug|x64 = Debug|x64
		Debug|x86 = Debug|x86
		Release|ARM = Release|ARM
		Release|x64 = Release|x64
		Release|x86 = Release|x86
	EndGlobalSection
	GlobalSection(ProjectConfigurationPlatforms) = postSolution
		{105FCC78-533D-4C38-A302-BB8D63AA1E5F}.CIBUILD|ARM.ActiveCfg = CIBUILD|ARM
		{105FCC78-533D-4C38-A302-BB8D63AA1E5F}.CIBUILD|x64.ActiveCfg = CIBUILD|x64
		{105FCC78-533D-4C38-A302-BB8D63AA1E5F}.CIBUILD|x86.ActiveCfg = CIBUILD|x86
		{105FCC78-533D-4C38-A302-BB8D63AA1E5F}.Debug|ARM.ActiveCfg = Debug|ARM
		{105FCC78-533D-4C38-A302-BB8D63AA1E5F}.Debug|ARM.Build.0 = Debug|ARM
		{105FCC78-533D-4C38-A302-BB8D63AA1E5F}.Debug|ARM.Deploy.0 = Debug|ARM
		{105FCC78-533D-4C38-A302-BB8D63AA1E5F}.Debug|x64.ActiveCfg = Debug|x64
		{105FCC78-533D-4C38-A302-BB8D63AA1E5F}.Debug|x64.Build.0 = Debug|x64
		{105FCC78-533D-4C38-A302-BB8D63AA1E5F}.Debug|x64.Deploy.0 = Debug|x64
		{105FCC78-533D-4C38-A302-BB8D63AA1E5F}.Debug|x86.ActiveCfg = Debug|x86
		{105FCC78-533D-4C38-A302-BB8D63AA1E5F}.Debug|x86.Build.0 = Debug|x86
		{105FCC78-533D-4C38-A302-BB8D63AA1E5F}.Debug|x86.Deploy.0 = Debug|x86
		{105FCC78-533D-4C38-A302-BB8D63AA1E5F}.Release|ARM.ActiveCfg = Release|ARM
		{105FCC78-533D-4C38-A302-BB8D63AA1E5F}.Release|ARM.Build.0 = Release|ARM
		{105FCC78-533D-4C38-A302-BB8D63AA1E5F}.Release|ARM.Deploy.0 = Release|ARM
		{105FCC78-533D-4C38-A302-BB8D63AA1E5F}.Release|x64.ActiveCfg = Release|x64
		{105FCC78-533D-4C38-A302-BB8D63AA1E5F}.Release|x86.ActiveCfg = Release|x86
		{DA1A2266-1149-4A19-8A3A-3F1CA7717A6F}.CIBUILD|ARM.ActiveCfg = Release|ARM
		{DA1A2266-1149-4A19-8A3A-3F1CA7717A6F}.CIBUILD|ARM.Build.0 = Release|ARM
		{DA1A2266-1149-4A19-8A3A-3F1CA7717A6F}.CIBUILD|x64.ActiveCfg = Release|x64
		{DA1A2266-1149-4A19-8A3A-3F1CA7717A6F}.CIBUILD|x64.Build.0 = Release|x64
		{DA1A2266-1149-4A19-8A3A-3F1CA7717A6F}.CIBUILD|x86.ActiveCfg = Release|Win32
		{DA1A2266-1149-4A19-8A3A-3F1CA7717A6F}.CIBUILD|x86.Build.0 = Release|Win32
		{DA1A2266-1149-4A19-8A3A-3F1CA7717A6F}.Debug|ARM.ActiveCfg = Debug|ARM
		{DA1A2266-1149-4A19-8A3A-3F1CA7717A6F}.Debug|ARM.Build.0 = Debug|ARM
		{DA1A2266-1149-4A19-8A3A-3F1CA7717A6F}.Debug|x64.ActiveCfg = Debug|x64
		{DA1A2266-1149-4A19-8A3A-3F1CA7717A6F}.Debug|x64.Build.0 = Debug|x64
		{DA1A2266-1149-4A19-8A3A-3F1CA7717A6F}.Debug|x86.ActiveCfg = Debug|Win32
		{DA1A2266-1149-4A19-8A3A-3F1CA7717A6F}.Debug|x86.Build.0 = Debug|Win32
		{DA1A2266-1149-4A19-8A3A-3F1CA7717A6F}.Release|ARM.ActiveCfg = Release|ARM
		{DA1A2266-1149-4A19-8A3A-3F1CA7717A6F}.Release|ARM.Build.0 = Release|ARM
		{DA1A2266-1149-4A19-8A3A-3F1CA7717A6F}.Release|x64.ActiveCfg = Release|x64
		{DA1A2266-1149-4A19-8A3A-3F1CA7717A6F}.Release|x64.Build.0 = Release|x64
		{DA1A2266-1149-4A19-8A3A-3F1CA7717A6F}.Release|x86.ActiveCfg = Release|Win32
		{DA1A2266-1149-4A19-8A3A-3F1CA7717A6F}.Release|x86.Build.0 = Release|Win32
		{74DD3AA5-013A-4648-B169-D4B84E5B6E92}.CIBUILD|ARM.ActiveCfg = Release|ARM
		{74DD3AA5-013A-4648-B169-D4B84E5B6E92}.CIBUILD|ARM.Build.0 = Release|ARM
		{74DD3AA5-013A-4648-B169-D4B84E5B6E92}.CIBUILD|ARM.Deploy.0 = Release|ARM
		{74DD3AA5-013A-4648-B169-D4B84E5B6E92}.CIBUILD|x64.ActiveCfg = Release|x64
		{74DD3AA5-013A-4648-B169-D4B84E5B6E92}.CIBUILD|x64.Build.0 = Release|x64
		{74DD3AA5-013A-4648-B169-D4B84E5B6E92}.CIBUILD|x64.Deploy.0 = Release|x64
		{74DD3AA5-013A-4648-B169-D4B84E5B6E92}.CIBUILD|x86.ActiveCfg = Release|x86
		{74DD3AA5-013A-4648-B169-D4B84E5B6E92}.CIBUILD|x86.Build.0 = Release|x86
		{74DD3AA5-013A-4648-B169-D4B84E5B6E92}.CIBUILD|x86.Deploy.0 = Release|x86
		{74DD3AA5-013A-4648-B169-D4B84E5B6E92}.Debug|ARM.ActiveCfg = Debug|ARM
		{74DD3AA5-013A-4648-B169-D4B84E5B6E92}.Debug|ARM.Build.0 = Debug|ARM
		{74DD3AA5-013A-4648-B169-D4B84E5B6E92}.Debug|ARM.Deploy.0 = Debug|ARM
		{74DD3AA5-013A-4648-B169-D4B84E5B6E92}.Debug|x64.ActiveCfg = Debug|x64
		{74DD3AA5-013A-4648-B169-D4B84E5B6E92}.Debug|x64.Build.0 = Debug|x64
		{74DD3AA5-013A-4648-B169-D4B84E5B6E92}.Debug|x64.Deploy.0 = Debug|x64
		{74DD3AA5-013A-4648-B169-D4B84E5B6E92}.Debug|x86.ActiveCfg = Debug|x86
		{74DD3AA5-013A-4648-B169-D4B84E5B6E92}.Debug|x86.Build.0 = Debug|x86
		{74DD3AA5-013A-4648-B169-D4B84E5B6E92}.Debug|x86.Deploy.0 = Debug|x86
		{74DD3AA5-013A-4648-B169-D4B84E5B6E92}.Release|ARM.ActiveCfg = Release|ARM
		{74DD3AA5-013A-4648-B169-D4B84E5B6E92}.Release|ARM.Build.0 = Release|ARM
		{74DD3AA5-013A-4648-B169-D4B84E5B6E92}.Release|ARM.Deploy.0 = Release|ARM
		{74DD3AA5-013A-4648-B169-D4B84E5B6E92}.Release|x64.ActiveCfg = Release|x64
		{74DD3AA5-013A-4648-B169-D4B84E5B6E92}.Release|x86.ActiveCfg = Release|x86
	EndGlobalSection
	GlobalSection(SolutionProperties) = preSolution
		HideSolutionNode = FALSE
	EndGlobalSection
	GlobalSection(NestedProjects) = preSolution
		{105FCC78-533D-4C38-A302-BB8D63AA1E5F} = {111A7E4A-BDB2-46CF-9D56-D93D2242FCB6}
		{DA1A2266-1149-4A19-8A3A-3F1CA7717A6F} = {B5663715-9AAB-4DD6-BEED-0E51B2029AEC}
		{74DD3AA5-013A-4648-B169-D4B84E5B6E92} = {B5663715-9AAB-4DD6-BEED-0E51B2029AEC}
	EndGlobalSection
	GlobalSection(ExtensibilityGlobals) = postSolution
		SolutionGuid = {C7D17DD9-F280-460A-A58C-0942FA50A118}
	EndGlobalSection
EndGlobal
