<?xml version="1.0" encoding="utf-8"?>
<Project ToolsVersion="15.0" xmlns="http://schemas.microsoft.com/developer/msbuild/2003">
  <ItemGroup>
    <Filter Include="Resource Files">
      <UniqueIdentifier>{67DA6AB6-F800-4c08-8B7A-83BB121AAD01}</UniqueIdentifier>
      <Extensions>rc;ico;cur;bmp;dlg;rc2;rct;bin;rgs;gif;jpg;jpeg;jpe;resx;tga;tiff;tif;png;wav;mfcribbon-ms</Extensions>
    </Filter>
    <Filter Include="Inc">
      <UniqueIdentifier>{83570a1b-686d-481e-bd00-578b4d3edd39}</UniqueIdentifier>
    </Filter>
  </ItemGroup>
  <ItemGroup>
    <ClCompile Include="dllmain.cpp" />
    <ClCompile Include="pch.cpp" />
    <ClCompile Include="Trace.cpp" />
    <ClCompile Include="VisualizationData.cpp" />
    <ClCompile Include="VisualizationDataStatics.cpp" />
    <ClCompile Include="MftAnalyzer.cpp" />
    <ClCompile Include="BaseVisualizer.cpp" />
  </ItemGroup>
  <ItemGroup>
    <ClInclude Include="pch.h" />
    <ClInclude Include="targetver.h" />
    <ClInclude Include="ring_buffer.h" />
    <ClInclude Include="trace.h" />
    <ClInclude Include="VisualizationData.h" />
    <ClInclude Include="VisualizationDataStatics.h" />
    <ClInclude Include="AsyncOperation.h" />
    <ClInclude Include="ErrorHandling.h" />
    <ClInclude Include="LifespanTracker.h" />
    <ClInclude Include="WinStringWrapper.h" />
    <ClInclude Include="WinStringBuilder.h" />
    <ClInclude Include="Nullable.h" />
    <ClInclude Include="MftAnalyzer.h" />
    <ClInclude Include="BaseVisualizer.h" />
    <ClInclude Include="Utilities.h" />
  </ItemGroup>
  <ItemGroup>
    <None Include="AudioAnalyzer.def" />
    <None Include="AudioVizualisation.wprp" />
  </ItemGroup>
  <ItemGroup>
    <Midl Include="AudioAnalyzer.idl" />
  </ItemGroup>
</Project>